
Microsoft Visual Studio Solution File, Format Version 12.00
# Visual Studio Version 16
VisualStudioVersion = 16.0.32106.194
MinimumVisualStudioVersion = 10.0.40219.1
Project("{FAE04EC0-301F-11D3-BF4B-00C04F79EFBC}") = "MvcCrudDepartamentosEFCore2022", "MvcCrudDepartamentosEFCore2022\MvcCrudDepartamentosEFCore2022.csproj", "{E4E3A233-7C0E-4E8F-A526-39248F444483}"
EndProject
Global
	GlobalSection(SolutionConfigurationPlatforms) = preSolution
		Debug|Any CPU = Debug|Any CPU
		Release|Any CPU = Release|Any CPU
	EndGlobalSection
	GlobalSection(ProjectConfigurationPlatforms) = postSolution
		{E4E3A233-7C0E-4E8F-A526-39248F444483}.Debug|Any CPU.ActiveCfg = Debug|Any CPU
		{E4E3A233-7C0E-4E8F-A526-39248F444483}.Debug|Any CPU.Build.0 = Debug|Any CPU
		{E4E3A233-7C0E-4E8F-A526-39248F444483}.Release|Any CPU.ActiveCfg = Release|Any CPU
		{E4E3A233-7C0E-4E8F-A526-39248F444483}.Release|Any CPU.Build.0 = Release|Any CPU
	EndGlobalSection
	GlobalSection(SolutionProperties) = preSolution
		HideSolutionNode = FALSE
	EndGlobalSection
	GlobalSection(ExtensibilityGlobals) = postSolution
		SolutionGuid = {FA6C53A6-4EFB-4747-AD61-805C7EED6DC2}
	EndGlobalSection
EndGlobal
